// !$*UTF8*$!
{
	archiveVersion = 1;
	classes = {
	};
	objectVersion = 46;
	objects = {

/* Begin PBXBuildFile section */
		F0C30D641E3A4F0600741E39 /* main.m in Sources */ = {isa = PBXBuildFile; fileRef = F0C30D631E3A4F0600741E39 /* main.m */; };
		F0C30D671E3A4F0600741E39 /* AppDelegate.m in Sources */ = {isa = PBXBuildFile; fileRef = F0C30D661E3A4F0600741E39 /* AppDelegate.m */; };
		F0C30D6A1E3A4F0600741E39 /* ViewController.m in Sources */ = {isa = PBXBuildFile; fileRef = F0C30D691E3A4F0600741E39 /* ViewController.m */; };
		F0C30D6D1E3A4F0600741E39 /* Main.storyboard in Resources */ = {isa = PBXBuildFile; fileRef = F0C30D6B1E3A4F0600741E39 /* Main.storyboard */; };
		F0C30D6F1E3A4F0600741E39 /* Assets.xcassets in Resources */ = {isa = PBXBuildFile; fileRef = F0C30D6E1E3A4F0600741E39 /* Assets.xcassets */; };
		F0C30D721E3A4F0600741E39 /* LaunchScreen.storyboard in Resources */ = {isa = PBXBuildFile; fileRef = F0C30D701E3A4F0600741E39 /* LaunchScreen.storyboard */; };
		F0C30D7D1E3A4F0600741E39 /* WaterWaveDemoTests.m in Sources */ = {isa = PBXBuildFile; fileRef = F0C30D7C1E3A4F0600741E39 /* WaterWaveDemoTests.m */; };
		F0C30D881E3A4F0600741E39 /* WaterWaveDemoUITests.m in Sources */ = {isa = PBXBuildFile; fileRef = F0C30D871E3A4F0600741E39 /* WaterWaveDemoUITests.m */; };
		F0C30D981E3A4F2E00741E39 /* WaterWaveView.m in Sources */ = {isa = PBXBuildFile; fileRef = F0C30D971E3A4F2E00741E39 /* WaterWaveView.m */; };
/* End PBXBuildFile section */

/* Begin PBXContainerItemProxy section */
		F0C30D791E3A4F0600741E39 /* PBXContainerItemProxy */ = {
			isa = PBXContainerItemProxy;
			containerPortal = F0C30D571E3A4F0600741E39 /* Project object */;
			proxyType = 1;
			remoteGlobalIDString = F0C30D5E1E3A4F0600741E39;
			remoteInfo = WaterWaveDemo;
		};
		F0C30D841E3A4F0600741E39 /* PBXContainerItemProxy */ = {
			isa = PBXContainerItemProxy;
			containerPortal = F0C30D571E3A4F0600741E39 /* Project object */;
			proxyType = 1;
			remoteGlobalIDString = F0C30D5E1E3A4F0600741E39;
			remoteInfo = WaterWaveDemo;
		};
/* End PBXContainerItemProxy section */

/* Begin PBXFileReference section */
		F0C30D5F1E3A4F0600741E39 /* WaterWaveDemo.app */ = {isa = PBXFileReference; explicitFileType = wrapper.application; includeInIndex = 0; path = WaterWaveDemo.app; sourceTree = BUILT_PRODUCTS_DIR; };
		F0C30D631E3A4F0600741E39 /* main.m */ = {isa = PBXFileReference; lastKnownFileType = sourcecode.c.objc; path = main.m; sourceTree = "<group>"; };
		F0C30D651E3A4F0600741E39 /* AppDelegate.h */ = {isa = PBXFileReference; lastKnownFileType = sourcecode.c.h; path = AppDelegate.h; sourceTree = "<group>"; };
		F0C30D661E3A4F0600741E39 /* AppDelegate.m */ = {isa = PBXFileReference; lastKnownFileType = sourcecode.c.objc; path = AppDelegate.m; sourceTree = "<group>"; };
		F0C30D681E3A4F0600741E39 /* ViewController.h */ = {isa = PBXFileReference; lastKnownFileType = sourcecode.c.h; path = ViewController.h; sourceTree = "<group>"; };
		F0C30D691E3A4F0600741E39 /* ViewController.m */ = {isa = PBXFileReference; lastKnownFileType = sourcecode.c.objc; path = ViewController.m; sourceTree = "<group>"; };
		F0C30D6C1E3A4F0600741E39 /* Base */ = {isa = PBXFileReference; lastKnownFileType = file.storyboard; name = Base; path = Base.lproj/Main.storyboard; sourceTree = "<group>"; };
		F0C30D6E1E3A4F0600741E39 /* Assets.xcassets */ = {isa = PBXFileReference; lastKnownFileType = folder.assetcatalog; path = Assets.xcassets; sourceTree = "<group>"; };
		F0C30D711E3A4F0600741E39 /* Base */ = {isa = PBXFileReference; lastKnownFileType = file.storyboard; name = Base; path = Base.lproj/LaunchScreen.storyboard; sourceTree = "<group>"; };
		F0C30D731E3A4F0600741E39 /* Info.plist */ = {isa = PBXFileReference; lastKnownFileType = text.plist.xml; path = Info.plist; sourceTree = "<group>"; };
		F0C30D781E3A4F0600741E39 /* WaterWaveDemoTests.xctest */ = {isa = PBXFileReference; explicitFileType = wrapper.cfbundle; includeInIndex = 0; path = WaterWaveDemoTests.xctest; sourceTree = BUILT_PRODUCTS_DIR; };
		F0C30D7C1E3A4F0600741E39 /* WaterWaveDemoTests.m */ = {isa = PBXFileReference; lastKnownFileType = sourcecode.c.objc; path = WaterWaveDemoTests.m; sourceTree = "<group>"; };
		F0C30D7E1E3A4F0600741E39 /* Info.plist */ = {isa = PBXFileReference; lastKnownFileType = text.plist.xml; path = Info.plist; sourceTree = "<group>"; };
		F0C30D831E3A4F0600741E39 /* WaterWaveDemoUITests.xctest */ = {isa = PBXFileReference; explicitFileType = wrapper.cfbundle; includeInIndex = 0; path = WaterWaveDemoUITests.xctest; sourceTree = BUILT_PRODUCTS_DIR; };
		F0C30D871E3A4F0600741E39 /* WaterWaveDemoUITests.m */ = {isa = PBXFileReference; lastKnownFileType = sourcecode.c.objc; path = WaterWaveDemoUITests.m; sourceTree = "<group>"; };
		F0C30D891E3A4F0600741E39 /* Info.plist */ = {isa = PBXFileReference; lastKnownFileType = text.plist.xml; path = Info.plist; sourceTree = "<group>"; };
		F0C30D961E3A4F2E00741E39 /* WaterWaveView.h */ = {isa = PBXFileReference; fileEncoding = 4; lastKnownFileType = sourcecode.c.h; path = WaterWaveView.h; sourceTree = "<group>"; };
		F0C30D971E3A4F2E00741E39 /* WaterWaveView.m */ = {isa = PBXFileReference; fileEncoding = 4; lastKnownFileType = sourcecode.c.objc; path = WaterWaveView.m; sourceTree = "<group>"; };
/* End PBXFileReference section */

/* Begin PBXFrameworksBuildPhase section */
		F0C30D5C1E3A4F0600741E39 /* Frameworks */ = {
			isa = PBXFrameworksBuildPhase;
			buildActionMask = 2147483647;
			files = (
			);
			runOnlyForDeploymentPostprocessing = 0;
		};
		F0C30D751E3A4F0600741E39 /* Frameworks */ = {
			isa = PBXFrameworksBuildPhase;
			buildActionMask = 2147483647;
			files = (
			);
			runOnlyForDeploymentPostprocessing = 0;
		};
		F0C30D801E3A4F0600741E39 /* Frameworks */ = {
			isa = PBXFrameworksBuildPhase;
			buildActionMask = 2147483647;
			files = (
			);
			runOnlyForDeploymentPostprocessing = 0;
		};
/* End PBXFrameworksBuildPhase section */

/* Begin PBXGroup section */
		F0C30D561E3A4F0600741E39 = {
			isa = PBXGroup;
			children = (
				F0C30D611E3A4F0600741E39 /* WaterWaveDemo */,
				F0C30D7B1E3A4F0600741E39 /* WaterWaveDemoTests */,
				F0C30D861E3A4F0600741E39 /* WaterWaveDemoUITests */,
				F0C30D601E3A4F0600741E39 /* Products */,
			);
			sourceTree = "<group>";
		};
		F0C30D601E3A4F0600741E39 /* Products */ = {
			isa = PBXGroup;
			children = (
				F0C30D5F1E3A4F0600741E39 /* WaterWaveDemo.app */,
				F0C30D781E3A4F0600741E39 /* WaterWaveDemoTests.xctest */,
				F0C30D831E3A4F0600741E39 /* WaterWaveDemoUITests.xctest */,
			);
			name = Products;
			sourceTree = "<group>";
		};
		F0C30D611E3A4F0600741E39 /* WaterWaveDemo */ = {
			isa = PBXGroup;
			children = (
				F0C30D951E3A4F0D00741E39 /* WaterWave */,
				F0C30D651E3A4F0600741E39 /* AppDelegate.h */,
				F0C30D661E3A4F0600741E39 /* AppDelegate.m */,
				F0C30D681E3A4F0600741E39 /* ViewController.h */,
				F0C30D691E3A4F0600741E39 /* ViewController.m */,
				F0C30D6B1E3A4F0600741E39 /* Main.storyboard */,
				F0C30D6E1E3A4F0600741E39 /* Assets.xcassets */,
				F0C30D701E3A4F0600741E39 /* LaunchScreen.storyboard */,
				F0C30D731E3A4F0600741E39 /* Info.plist */,
				F0C30D621E3A4F0600741E39 /* Supporting Files */,
			);
			path = WaterWaveDemo;
			sourceTree = "<group>";
		};
		F0C30D621E3A4F0600741E39 /* Supporting Files */ = {
			isa = PBXGroup;
			children = (
				F0C30D631E3A4F0600741E39 /* main.m */,
			);
			name = "Supporting Files";
			sourceTree = "<group>";
		};
		F0C30D7B1E3A4F0600741E39 /* WaterWaveDemoTests */ = {
			isa = PBXGroup;
			children = (
				F0C30D7C1E3A4F0600741E39 /* WaterWaveDemoTests.m */,
				F0C30D7E1E3A4F0600741E39 /* Info.plist */,
			);
			path = WaterWaveDemoTests;
			sourceTree = "<group>";
		};
		F0C30D861E3A4F0600741E39 /* WaterWaveDemoUITests */ = {
			isa = PBXGroup;
			children = (
				F0C30D871E3A4F0600741E39 /* WaterWaveDemoUITests.m */,
				F0C30D891E3A4F0600741E39 /* Info.plist */,
			);
			path = WaterWaveDemoUITests;
			sourceTree = "<group>";
		};
		F0C30D951E3A4F0D00741E39 /* WaterWave */ = {
			isa = PBXGroup;
			children = (
				F0C30D961E3A4F2E00741E39 /* WaterWaveView.h */,
				F0C30D971E3A4F2E00741E39 /* WaterWaveView.m */,
			);
			name = WaterWave;
			sourceTree = "<group>";
		};
/* End PBXGroup section */

/* Begin PBXNativeTarget section */
		F0C30D5E1E3A4F0600741E39 /* WaterWaveDemo */ = {
			isa = PBXNativeTarget;
			buildConfigurationList = F0C30D8C1E3A4F0600741E39 /* Build configuration list for PBXNativeTarget "WaterWaveDemo" */;
			buildPhases = (
				F0C30D5B1E3A4F0600741E39 /* Sources */,
				F0C30D5C1E3A4F0600741E39 /* Frameworks */,
				F0C30D5D1E3A4F0600741E39 /* Resources */,
			);
			buildRules = (
			);
			dependencies = (
			);
			name = WaterWaveDemo;
			productName = WaterWaveDemo;
			productReference = F0C30D5F1E3A4F0600741E39 /* WaterWaveDemo.app */;
			productType = "com.apple.product-type.application";
		};
		F0C30D771E3A4F0600741E39 /* WaterWaveDemoTests */ = {
			isa = PBXNativeTarget;
			buildConfigurationList = F0C30D8F1E3A4F0600741E39 /* Build configuration list for PBXNativeTarget "WaterWaveDemoTests" */;
			buildPhases = (
				F0C30D741E3A4F0600741E39 /* Sources */,
				F0C30D751E3A4F0600741E39 /* Frameworks */,
				F0C30D761E3A4F0600741E39 /* Resources */,
			);
			buildRules = (
			);
			dependencies = (
				F0C30D7A1E3A4F0600741E39 /* PBXTargetDependency */,
			);
			name = WaterWaveDemoTests;
			productName = WaterWaveDemoTests;
			productReference = F0C30D781E3A4F0600741E39 /* WaterWaveDemoTests.xctest */;
			productType = "com.apple.product-type.bundle.unit-test";
		};
		F0C30D821E3A4F0600741E39 /* WaterWaveDemoUITests */ = {
			isa = PBXNativeTarget;
			buildConfigurationList = F0C30D921E3A4F0600741E39 /* Build configuration list for PBXNativeTarget "WaterWaveDemoUITests" */;
			buildPhases = (
				F0C30D7F1E3A4F0600741E39 /* Sources */,
				F0C30D801E3A4F0600741E39 /* Frameworks */,
				F0C30D811E3A4F0600741E39 /* Resources */,
			);
			buildRules = (
			);
			dependencies = (
				F0C30D851E3A4F0600741E39 /* PBXTargetDependency */,
			);
			name = WaterWaveDemoUITests;
			productName = WaterWaveDemoUITests;
			productReference = F0C30D831E3A4F0600741E39 /* WaterWaveDemoUITests.xctest */;
			productType = "com.apple.product-type.bundle.ui-testing";
		};
/* End PBXNativeTarget section */

/* Begin PBXProject section */
		F0C30D571E3A4F0600741E39 /* Project object */ = {
			isa = PBXProject;
			attributes = {
				LastUpgradeCheck = 0810;
				ORGANIZATIONNAME = HuXiaoQian;
				TargetAttributes = {
					F0C30D5E1E3A4F0600741E39 = {
						CreatedOnToolsVersion = 8.1;
						ProvisioningStyle = Automatic;
					};
					F0C30D771E3A4F0600741E39 = {
						CreatedOnToolsVersion = 8.1;
						ProvisioningStyle = Automatic;
						TestTargetID = F0C30D5E1E3A4F0600741E39;
					};
					F0C30D821E3A4F0600741E39 = {
						CreatedOnToolsVersion = 8.1;
						ProvisioningStyle = Automatic;
						TestTargetID = F0C30D5E1E3A4F0600741E39;
					};
				};
			};
			buildConfigurationList = F0C30D5A1E3A4F0600741E39 /* Build configuration list for PBXProject "WaterWaveDemo" */;
			compatibilityVersion = "Xcode 3.2";
			developmentRegion = English;
			hasScannedForEncodings = 0;
			knownRegions = (
				en,
				Base,
			);
			mainGroup = F0C30D561E3A4F0600741E39;
			productRefGroup = F0C30D601E3A4F0600741E39 /* Products */;
			projectDirPath = "";
			projectRoot = "";
			targets = (
				F0C30D5E1E3A4F0600741E39 /* WaterWaveDemo */,
				F0C30D771E3A4F0600741E39 /* WaterWaveDemoTests */,
				F0C30D821E3A4F0600741E39 /* WaterWaveDemoUITests */,
			);
		};
/* End PBXProject section */

/* Begin PBXResourcesBuildPhase section */
		F0C30D5D1E3A4F0600741E39 /* Resources */ = {
			isa = PBXResourcesBuildPhase;
			buildActionMask = 2147483647;
			files = (
				F0C30D721E3A4F0600741E39 /* LaunchScreen.storyboard in Resources */,
				F0C30D6F1E3A4F0600741E39 /* Assets.xcassets in Resources */,
				F0C30D6D1E3A4F0600741E39 /* Main.storyboard in Resources */,
			);
			runOnlyForDeploymentPostprocessing = 0;
		};
		F0C30D761E3A4F0600741E39 /* Resources */ = {
			isa = PBXResourcesBuildPhase;
			buildActionMask = 2147483647;
			files = (
			);
			runOnlyForDeploymentPostprocessing = 0;
		};
		F0C30D811E3A4F0600741E39 /* Resources */ = {
			isa = PBXResourcesBuildPhase;
			buildActionMask = 2147483647;
			files = (
			);
			runOnlyForDeploymentPostprocessing = 0;
		};
/* End PBXResourcesBuildPhase section */

/* Begin PBXSourcesBuildPhase section */
		F0C30D5B1E3A4F0600741E39 /* Sources */ = {
			isa = PBXSourcesBuildPhase;
			buildActionMask = 2147483647;
			files = (
				F0C30D6A1E3A4F0600741E39 /* ViewController.m in Sources */,
				F0C30D671E3A4F0600741E39 /* AppDelegate.m in Sources */,
				F0C30D641E3A4F0600741E39 /* main.m in Sources */,
				F0C30D981E3A4F2E00741E39 /* WaterWaveView.m in Sources */,
			);
			runOnlyForDeploymentPostprocessing = 0;
		};
		F0C30D741E3A4F0600741E39 /* Sources */ = {
			isa = PBXSourcesBuildPhase;
			buildActionMask = 2147483647;
			files = (
				F0C30D7D1E3A4F0600741E39 /* WaterWaveDemoTests.m in Sources */,
			);
			runOnlyForDeploymentPostprocessing = 0;
		};
		F0C30D7F1E3A4F0600741E39 /* Sources */ = {
			isa = PBXSourcesBuildPhase;
			buildActionMask = 2147483647;
			files = (
				F0C30D881E3A4F0600741E39 /* WaterWaveDemoUITests.m in Sources */,
			);
			runOnlyForDeploymentPostprocessing = 0;
		};
/* End PBXSourcesBuildPhase section */

/* Begin PBXTargetDependency section */
		F0C30D7A1E3A4F0600741E39 /* PBXTargetDependency */ = {
			isa = PBXTargetDependency;
			target = F0C30D5E1E3A4F0600741E39 /* WaterWaveDemo */;
			targetProxy = F0C30D791E3A4F0600741E39 /* PBXContainerItemProxy */;
		};
		F0C30D851E3A4F0600741E39 /* PBXTargetDependency */ = {
			isa = PBXTargetDependency;
			target = F0C30D5E1E3A4F0600741E39 /* WaterWaveDemo */;
			targetProxy = F0C30D841E3A4F0600741E39 /* PBXContainerItemProxy */;
		};
/* End PBXTargetDependency section */

/* Begin PBXVariantGroup section */
		F0C30D6B1E3A4F0600741E39 /* Main.storyboard */ = {
			isa = PBXVariantGroup;
			children = (
				F0C30D6C1E3A4F0600741E39 /* Base */,
			);
			name = Main.storyboard;
			sourceTree = "<group>";
		};
		F0C30D701E3A4F0600741E39 /* LaunchScreen.storyboard */ = {
			isa = PBXVariantGroup;
			children = (
				F0C30D711E3A4F0600741E39 /* Base */,
			);
			name = LaunchScreen.storyboard;
			sourceTree = "<group>";
		};
/* End PBXVariantGroup section */

/* Begin XCBuildConfiguration section */
		F0C30D8A1E3A4F0600741E39 /* Debug */ = {
			isa = XCBuildConfiguration;
			buildSettings = {
				ALWAYS_SEARCH_USER_PATHS = NO;
				CLANG_ANALYZER_NONNULL = YES;
				CLANG_CXX_LANGUAGE_STANDARD = "gnu++0x";
				CLANG_CXX_LIBRARY = "libc++";
				CLANG_ENABLE_MODULES = YES;
				CLANG_ENABLE_OBJC_ARC = YES;
				CLANG_WARN_BOOL_CONVERSION = YES;
				CLANG_WARN_CONSTANT_CONVERSION = YES;
				CLANG_WARN_DIRECT_OBJC_ISA_USAGE = YES_ERROR;
				CLANG_WARN_DOCUMENTATION_COMMENTS = YES;
				CLANG_WARN_EMPTY_BODY = YES;
				CLANG_WARN_ENUM_CONVERSION = YES;
				CLANG_WARN_INFINITE_RECURSION = YES;
				CLANG_WARN_INT_CONVERSION = YES;
				CLANG_WARN_OBJC_ROOT_CLASS = YES_ERROR;
				CLANG_WARN_SUSPICIOUS_MOVES = YES;
				CLANG_WARN_UNREACHABLE_CODE = YES;
				CLANG_WARN__DUPLICATE_METHOD_MATCH = YES;
				"CODE_SIGN_IDENTITY[sdk=iphoneos*]" = "iPhone Developer";
				COPY_PHASE_STRIP = NO;
				DEBUG_INFORMATION_FORMAT = dwarf;
				ENABLE_STRICT_OBJC_MSGSEND = YES;
				ENABLE_TESTABILITY = YES;
				GCC_C_LANGUAGE_STANDARD = gnu99;
				GCC_DYNAMIC_NO_PIC = NO;
				GCC_NO_COMMON_BLOCKS = YES;
				GCC_OPTIMIZATION_LEVEL = 0;
				GCC_PREPROCESSOR_DEFINITIONS = (
					"DEBUG=1",
					"$(inherited)",
				);
				GCC_WARN_64_TO_32_BIT_CONVERSION = YES;
				GCC_WARN_ABOUT_RETURN_TYPE = YES_ERROR;
				GCC_WARN_UNDECLARED_SELECTOR = YES;
				GCC_WARN_UNINITIALIZED_AUTOS = YES_AGGRESSIVE;
				GCC_WARN_UNUSED_FUNCTION = YES;
				GCC_WARN_UNUSED_VARIABLE = YES;
				IPHONEOS_DEPLOYMENT_TARGET = 10.1;
				MTL_ENABLE_DEBUG_INFO = YES;
				ONLY_ACTIVE_ARCH = YES;
				SDKROOT = iphoneos;
				TARGETED_DEVICE_FAMILY = "1,2";
			};
			name = Debug;
		};
		F0C30D8B1E3A4F0600741E39 /* Release */ = {
			isa = XCBuildConfiguration;
			buildSettings = {
				ALWAYS_SEARCH_USER_PATHS = NO;
				CLANG_ANALYZER_NONNULL = YES;
				CLANG_CXX_LANGUAGE_STANDARD = "gnu++0x";
				CLANG_CXX_LIBRARY = "libc++";
				CLANG_ENABLE_MODULES = YES;
				CLANG_ENABLE_OBJC_ARC = YES;
				CLANG_WARN_BOOL_CONVERSION = YES;
				CLANG_WARN_CONSTANT_CONVERSION = YES;
				CLANG_WARN_DIRECT_OBJC_ISA_USAGE = YES_ERROR;
				CLANG_WARN_DOCUMENTATION_COMMENTS = YES;
				CLANG_WARN_EMPTY_BODY = YES;
				CLANG_WARN_ENUM_CONVERSION = YES;
				CLANG_WARN_INFINITE_RECURSION = YES;
				CLANG_WARN_INT_CONVERSION = YES;
				CLANG_WARN_OBJC_ROOT_CLASS = YES_ERROR;
				CLANG_WARN_SUSPICIOUS_MOVES = YES;
				CLANG_WARN_UNREACHABLE_CODE = YES;
				CLANG_WARN__DUPLICATE_METHOD_MATCH = YES;
				"CODE_SIGN_IDENTITY[sdk=iphoneos*]" = "iPhone Developer";
				COPY_PHASE_STRIP = NO;
				DEBUG_INFORMATION_FORMAT = "dwarf-with-dsym";
				ENABLE_NS_ASSERTIONS = NO;
				ENABLE_STRICT_OBJC_MSGSEND = YES;
				GCC_C_LANGUAGE_STANDARD = gnu99;
				GCC_NO_COMMON_BLOCKS = YES;
				GCC_WARN_64_TO_32_BIT_CONVERSION = YES;
				GCC_WARN_ABOUT_RETURN_TYPE = YES_ERROR;
				GCC_WARN_UNDECLARED_SELECTOR = YES;
				GCC_WARN_UNINITIALIZED_AUTOS = YES_AGGRESSIVE;
				GCC_WARN_UNUSED_FUNCTION = YES;
				GCC_WARN_UNUSED_VARIABLE = YES;
				IPHONEOS_DEPLOYMENT_TARGET = 10.1;
				MTL_ENABLE_DEBUG_INFO = NO;
				SDKROOT = iphoneos;
				TARGETED_DEVICE_FAMILY = "1,2";
				VALIDATE_PRODUCT = YES;
			};
			name = Release;
		};
		F0C30D8D1E3A4F0600741E39 /* Debug */ = {
			isa = XCBuildConfiguration;
			buildSettings = {
				ASSETCATALOG_COMPILER_APPICON_NAME = AppIcon;
				INFOPLIST_FILE = WaterWaveDemo/Info.plist;
				LD_RUNPATH_SEARCH_PATHS = "$(inherited) @executable_path/Frameworks";
				PRODUCT_BUNDLE_IDENTIFIER = HuXiaoQian.WaterWaveDemo;
				PRODUCT_NAME = "$(TARGET_NAME)";
			};
			name = Debug;
		};
		F0C30D8E1E3A4F0600741E39 /* Release */ = {
			isa = XCBuildConfiguration;
			buildSettings = {
				ASSETCATALOG_COMPILER_APPICON_NAME = AppIcon;
				INFOPLIST_FILE = WaterWaveDemo/Info.plist;
				LD_RUNPATH_SEARCH_PATHS = "$(inherited) @executable_path/Frameworks";
				PRODUCT_BUNDLE_IDENTIFIER = HuXiaoQian.WaterWaveDemo;
				PRODUCT_NAME = "$(TARGET_NAME)";
			};
			name = Release;
		};
		F0C30D901E3A4F0600741E39 /* Debug */ = {
			isa = XCBuildConfiguration;
			buildSettings = {
				BUNDLE_LOADER = "$(TEST_HOST)";
				INFOPLIST_FILE = WaterWaveDemoTests/Info.plist;
				LD_RUNPATH_SEARCH_PATHS = "$(inherited) @executable_path/Frameworks @loader_path/Frameworks";
				PRODUCT_BUNDLE_IDENTIFIER = HuXiaoQian.WaterWaveDemoTests;
				PRODUCT_NAME = "$(TARGET_NAME)";
				TEST_HOST = "$(BUILT_PRODUCTS_DIR)/WaterWaveDemo.app/WaterWaveDemo";
			};
			name = Debug;
		};
		F0C30D911E3A4F0600741E39 /* Release */ = {
			isa = XCBuildConfiguration;
			buildSettings = {
				BUNDLE_LOADER = "$(TEST_HOST)";
				INFOPLIST_FILE = WaterWaveDemoTests/Info.plist;
				LD_RUNPATH_SEARCH_PATHS = "$(inherited) @executable_path/Frameworks @loader_path/Frameworks";
				PRODUCT_BUNDLE_IDENTIFIER = HuXiaoQian.WaterWaveDemoTests;
				PRODUCT_NAME = "$(TARGET_NAME)";
				TEST_HOST = "$(BUILT_PRODUCTS_DIR)/WaterWaveDemo.app/WaterWaveDemo";
			};
			name = Release;
		};
		F0C30D931E3A4F0600741E39 /* Debug */ = {
			isa = XCBuildConfiguration;
			buildSettings = {
				INFOPLIST_FILE = WaterWaveDemoUITests/Info.plist;
				LD_RUNPATH_SEARCH_PATHS = "$(inherited) @executable_path/Frameworks @loader_path/Frameworks";
				PRODUCT_BUNDLE_IDENTIFIER = HuXiaoQian.WaterWaveDemoUITests;
				PRODUCT_NAME = "$(TARGET_NAME)";
				TEST_TARGET_NAME = WaterWaveDemo;
			};
			name = Debug;
		};
		F0C30D941E3A4F0600741E39 /* Release */ = {
			isa = XCBuildConfiguration;
			buildSettings = {
				INFOPLIST_FILE = WaterWaveDemoUITests/Info.plist;
				LD_RUNPATH_SEARCH_PATHS = "$(inherited) @executable_path/Frameworks @loader_path/Frameworks";
				PRODUCT_BUNDLE_IDENTIFIER = HuXiaoQian.WaterWaveDemoUITests;
				PRODUCT_NAME = "$(TARGET_NAME)";
				TEST_TARGET_NAME = WaterWaveDemo;
			};
			name = Release;
		};
/* End XCBuildConfiguration section */

/* Begin XCConfigurationList section */
		F0C30D5A1E3A4F0600741E39 /* Build configuration list for PBXProject "WaterWaveDemo" */ = {
			isa = XCConfigurationList;
			buildConfigurations = (
				F0C30D8A1E3A4F0600741E39 /* Debug */,
				F0C30D8B1E3A4F0600741E39 /* Release */,
			);
			defaultConfigurationIsVisible = 0;
			defaultConfigurationName = Release;
		};
		F0C30D8C1E3A4F0600741E39 /* Build configuration list for PBXNativeTarget "WaterWaveDemo" */ = {
			isa = XCConfigurationList;
			buildConfigurations = (
				F0C30D8D1E3A4F0600741E39 /* Debug */,
				F0C30D8E1E3A4F0600741E39 /* Release */,
			);
			defaultConfigurationIsVisible = 0;
		};
		F0C30D8F1E3A4F0600741E39 /* Build configuration list for PBXNativeTarget "WaterWaveDemoTests" */ = {
			isa = XCConfigurationList;
			buildConfigurations = (
				F0C30D901E3A4F0600741E39 /* Debug */,
				F0C30D911E3A4F0600741E39 /* Release */,
			);
			defaultConfigurationIsVisible = 0;
		};
		F0C30D921E3A4F0600741E39 /* Build configuration list for PBXNativeTarget "WaterWaveDemoUITests" */ = {
			isa = XCConfigurationList;
			buildConfigurations = (
				F0C30D931E3A4F0600741E39 /* Debug */,
				F0C30D941E3A4F0600741E39 /* Release */,
			);
			defaultConfigurationIsVisible = 0;
		};
/* End XCConfigurationList section */
	};
	rootObject = F0C30D571E3A4F0600741E39 /* Project object */;
}
